<?xml version="1.0" encoding="utf-8"?>
<Project ToolsVersion="17.0" xmlns="http://schemas.microsoft.com/developer/msbuild/2003">
  <ItemGroup>
    <CustomBuild Include="C:\Users\Admin\Nilesh_Projects\PBS_Finsight\Backend\C++_server\CMakeFiles\afd51c1f922af457e8dbfb294e134f30\generate.stamp.rule">
      <Filter>CMake Rules</Filter>
    </CustomBuild>
  </ItemGroup>
  <ItemGroup>
    <Filter Include="CMake Rules">
      <UniqueIdentifier>{4E035FAA-369D-3625-9787-881FDD72CF9F}</UniqueIdentifier>
    </Filter>
  </ItemGroup>
</Project>
